<?xml version="1.0" encoding="utf-8"?>
<Project ToolsVersion="4.0" xmlns="http://schemas.microsoft.com/developer/msbuild/2003">
  <ItemGroup>
    <ClCompile Include="aboutMenu.cpp" />
    <ClCompile Include="buildRocket.cpp" />
    <ClCompile Include="camera.cpp" />
    <ClCompile Include="drawAll.cpp" />
    <ClCompile Include="functions.cpp" />
    <ClCompile Include="main.cpp" />
    <ClCompile Include="parametrizationScreen.cpp" />
    <ClCompile Include="Planet.cpp" />
    <ClCompile Include="spaceObjects.cpp" />
    <ClCompile Include="spaceShip.cpp" />
    <ClCompile Include="MODULE.cpp" />
    <ClCompile Include="optionsMenu.cpp" />
    <ClCompile Include="startMenu.cpp" />
  </ItemGroup>
  <ItemGroup>
    <ClInclude Include="aboutMenu.h" />
    <ClInclude Include="buildRocket.h" />
    <ClInclude Include="drawAll.h" />
    <ClInclude Include="functions.h" />
    <ClInclude Include="parametrizationScreen.h" />
    <ClInclude Include="camera.h" />
    <ClInclude Include="Planet.h" />
    <ClInclude Include="spaceObjects.h" />
    <ClInclude Include="spaceShip.h" />
    <ClInclude Include="MODULE.h" />
    <ClInclude Include="startMenu.h" />
  </ItemGroup>
  <ItemGroup>
    <None Include="packages.config" />
  </ItemGroup>
</Project>